
Microsoft Visual Studio Solution File, Format Version 12.00
# Visual Studio Version 17
VisualStudioVersion = 17.5.33516.290
MinimumVisualStudioVersion = 10.0.40219.1
Project("{9A19103F-16F7-4668-BE54-9A1E7A4F7556}") = "ZeroDivAnalyzer", "ZeroDivAnalyzer\ZeroDivAnalyzer\ZeroDivAnalyzer.csproj", "{154DDD27-3478-42D1-9B74-80D6777946A8}"
EndProject
Project("{9A19103F-16F7-4668-BE54-9A1E7A4F7556}") = "ZeroDivAnalyzer.Package", "ZeroDivAnalyzer\ZeroDivAnalyzer.Package\ZeroDivAnalyzer.Package.csproj", "{E40205FA-5545-492B-93B4-BA77974A6845}"
EndProject
Project("{9A19103F-16F7-4668-BE54-9A1E7A4F7556}") = "ZeroDivAnalyzer.Test", "ZeroDivAnalyzer\ZeroDivAnalyzer.Test\ZeroDivAnalyzer.Test.csproj", "{AF83BEAE-390C-4C8D-9A83-C257909AEE14}"
EndProject
Project("{9A19103F-16F7-4668-BE54-9A1E7A4F7556}") = "ZeroDivAnalyzer.Vsix", "ZeroDivAnalyzer\ZeroDivAnalyzer.Vsix\ZeroDivAnalyzer.Vsix.csproj", "{7C3ACB4A-1741-4ABB-A7A4-2FB429C250B6}"
EndProject
Global
	GlobalSection(SolutionConfigurationPlatforms) = preSolution
		Debug|Any CPU = Debug|Any CPU
		Release|Any CPU = Release|Any CPU
	EndGlobalSection
	GlobalSection(ProjectConfigurationPlatforms) = postSolution
		{154DDD27-3478-42D1-9B74-80D6777946A8}.Debug|Any CPU.ActiveCfg = Debug|Any CPU
		{154DDD27-3478-42D1-9B74-80D6777946A8}.Debug|Any CPU.Build.0 = Debug|Any CPU
		{154DDD27-3478-42D1-9B74-80D6777946A8}.Release|Any CPU.ActiveCfg = Release|Any CPU
		{154DDD27-3478-42D1-9B74-80D6777946A8}.Release|Any CPU.Build.0 = Release|Any CPU
		{E40205FA-5545-492B-93B4-BA77974A6845}.Debug|Any CPU.ActiveCfg = Debug|Any CPU
		{E40205FA-5545-492B-93B4-BA77974A6845}.Debug|Any CPU.Build.0 = Debug|Any CPU
		{E40205FA-5545-492B-93B4-BA77974A6845}.Release|Any CPU.ActiveCfg = Release|Any CPU
		{E40205FA-5545-492B-93B4-BA77974A6845}.Release|Any CPU.Build.0 = Release|Any CPU
		{AF83BEAE-390C-4C8D-9A83-C257909AEE14}.Debug|Any CPU.ActiveCfg = Debug|Any CPU
		{AF83BEAE-390C-4C8D-9A83-C257909AEE14}.Debug|Any CPU.Build.0 = Debug|Any CPU
		{AF83BEAE-390C-4C8D-9A83-C257909AEE14}.Release|Any CPU.ActiveCfg = Release|Any CPU
		{AF83BEAE-390C-4C8D-9A83-C257909AEE14}.Release|Any CPU.Build.0 = Release|Any CPU
		{7C3ACB4A-1741-4ABB-A7A4-2FB429C250B6}.Debug|Any CPU.ActiveCfg = Debug|Any CPU
		{7C3ACB4A-1741-4ABB-A7A4-2FB429C250B6}.Debug|Any CPU.Build.0 = Debug|Any CPU
		{7C3ACB4A-1741-4ABB-A7A4-2FB429C250B6}.Release|Any CPU.ActiveCfg = Release|Any CPU
		{7C3ACB4A-1741-4ABB-A7A4-2FB429C250B6}.Release|Any CPU.Build.0 = Release|Any CPU
	EndGlobalSection
	GlobalSection(SolutionProperties) = preSolution
		HideSolutionNode = FALSE
	EndGlobalSection
	GlobalSection(ExtensibilityGlobals) = postSolution
		SolutionGuid = {79BCDE55-F169-4774-B16C-5C2368E73E29}
	EndGlobalSection
EndGlobal
